
Microsoft Visual Studio Solution File, Format Version 12.00
# Visual Studio 15
VisualStudioVersion = 15.0.27703.2000
MinimumVisualStudioVersion = 10.0.40219.1
Project("{FAE04EC0-301F-11D3-BF4B-00C04F79EFBC}") = "Homework01", "Homework01\Homework01.csproj", "{C28B99BE-10E0-44E1-9F1A-12EFBB329B96}"
EndProject
Global
	GlobalSection(SolutionConfigurationPlatforms) = preSolution
		Debug|Any CPU = Debug|Any CPU
		Release|Any CPU = Release|Any CPU
	EndGlobalSection
	GlobalSection(ProjectConfigurationPlatforms) = postSolution
		{C28B99BE-10E0-44E1-9F1A-12EFBB329B96}.Debug|Any CPU.ActiveCfg = Debug|Any CPU
		{C28B99BE-10E0-44E1-9F1A-12EFBB329B96}.Debug|Any CPU.Build.0 = Debug|Any CPU
		{C28B99BE-10E0-44E1-9F1A-12EFBB329B96}.Release|Any CPU.ActiveCfg = Release|Any CPU
		{C28B99BE-10E0-44E1-9F1A-12EFBB329B96}.Release|Any CPU.Build.0 = Release|Any CPU
	EndGlobalSection
	GlobalSection(SolutionProperties) = preSolution
		HideSolutionNode = FALSE
	EndGlobalSection
	GlobalSection(ExtensibilityGlobals) = postSolution
		SolutionGuid = {299E885B-CBE8-4DCE-BAE1-3512484F036F}
	EndGlobalSection
EndGlobal
