
Microsoft Visual Studio Solution File, Format Version 12.00
# Visual Studio 15
VisualStudioVersion = 15.0.27004.2002
MinimumVisualStudioVersion = 10.0.40219.1
Project("{FAE04EC0-301F-11D3-BF4B-00C04F79EFBC}") = "Module01Week01", "Module01Week01\Module01Week01.csproj", "{6DEAE7CE-ADB9-4E6D-97AB-960E88D06A0A}"
EndProject
Global
	GlobalSection(SolutionConfigurationPlatforms) = preSolution
		Debug|Any CPU = Debug|Any CPU
		Release|Any CPU = Release|Any CPU
	EndGlobalSection
	GlobalSection(ProjectConfigurationPlatforms) = postSolution
		{6DEAE7CE-ADB9-4E6D-97AB-960E88D06A0A}.Debug|Any CPU.ActiveCfg = Debug|Any CPU
		{6DEAE7CE-ADB9-4E6D-97AB-960E88D06A0A}.Debug|Any CPU.Build.0 = Debug|Any CPU
		{6DEAE7CE-ADB9-4E6D-97AB-960E88D06A0A}.Release|Any CPU.ActiveCfg = Release|Any CPU
		{6DEAE7CE-ADB9-4E6D-97AB-960E88D06A0A}.Release|Any CPU.Build.0 = Release|Any CPU
	EndGlobalSection
	GlobalSection(SolutionProperties) = preSolution
		HideSolutionNode = FALSE
	EndGlobalSection
	GlobalSection(ExtensibilityGlobals) = postSolution
		SolutionGuid = {3C7C6DF1-FB01-48D0-9FDA-CE5A6A501C61}
	EndGlobalSection
EndGlobal
