
Microsoft Visual Studio Solution File, Format Version 12.00
# Visual Studio 15
VisualStudioVersion = 15.0.27703.2000
MinimumVisualStudioVersion = 10.0.40219.1
Project("{FAE04EC0-301F-11D3-BF4B-00C04F79EFBC}") = "Homework01", "Homework01\Homework01.csproj", "{CE17DC06-F6EB-46B0-9C71-8D18DB35741E}"
EndProject
Global
	GlobalSection(SolutionConfigurationPlatforms) = preSolution
		Debug|Any CPU = Debug|Any CPU
		Release|Any CPU = Release|Any CPU
	EndGlobalSection
	GlobalSection(ProjectConfigurationPlatforms) = postSolution
		{CE17DC06-F6EB-46B0-9C71-8D18DB35741E}.Debug|Any CPU.ActiveCfg = Debug|Any CPU
		{CE17DC06-F6EB-46B0-9C71-8D18DB35741E}.Debug|Any CPU.Build.0 = Debug|Any CPU
		{CE17DC06-F6EB-46B0-9C71-8D18DB35741E}.Release|Any CPU.ActiveCfg = Release|Any CPU
		{CE17DC06-F6EB-46B0-9C71-8D18DB35741E}.Release|Any CPU.Build.0 = Release|Any CPU
	EndGlobalSection
	GlobalSection(SolutionProperties) = preSolution
		HideSolutionNode = FALSE
	EndGlobalSection
	GlobalSection(ExtensibilityGlobals) = postSolution
		SolutionGuid = {5E00A26B-9ED1-4675-A2A6-C539C434D3E4}
	EndGlobalSection
EndGlobal
