
Microsoft Visual Studio Solution File, Format Version 12.00
# Visual Studio 15
VisualStudioVersion = 15.0.27703.2000
MinimumVisualStudioVersion = 10.0.40219.1
Project("{FAE04EC0-301F-11D3-BF4B-00C04F79EFBC}") = "HomeWork01", "HomeWork01\HomeWork01.csproj", "{D9EADE45-F9CC-4054-A624-66D452F3985F}"
EndProject
Project("{FAE04EC0-301F-11D3-BF4B-00C04F79EFBC}") = "HomeWork01Library", "HomeWork01Library\HomeWork01Library.csproj", "{F7E622E4-1A10-44E0-AAE1-BE63F7463D3C}"
EndProject
Global
	GlobalSection(SolutionConfigurationPlatforms) = preSolution
		Debug|Any CPU = Debug|Any CPU
		Release|Any CPU = Release|Any CPU
	EndGlobalSection
	GlobalSection(ProjectConfigurationPlatforms) = postSolution
		{D9EADE45-F9CC-4054-A624-66D452F3985F}.Debug|Any CPU.ActiveCfg = Debug|Any CPU
		{D9EADE45-F9CC-4054-A624-66D452F3985F}.Debug|Any CPU.Build.0 = Debug|Any CPU
		{D9EADE45-F9CC-4054-A624-66D452F3985F}.Release|Any CPU.ActiveCfg = Release|Any CPU
		{D9EADE45-F9CC-4054-A624-66D452F3985F}.Release|Any CPU.Build.0 = Release|Any CPU
		{F7E622E4-1A10-44E0-AAE1-BE63F7463D3C}.Debug|Any CPU.ActiveCfg = Debug|Any CPU
		{F7E622E4-1A10-44E0-AAE1-BE63F7463D3C}.Debug|Any CPU.Build.0 = Debug|Any CPU
		{F7E622E4-1A10-44E0-AAE1-BE63F7463D3C}.Release|Any CPU.ActiveCfg = Release|Any CPU
		{F7E622E4-1A10-44E0-AAE1-BE63F7463D3C}.Release|Any CPU.Build.0 = Release|Any CPU
	EndGlobalSection
	GlobalSection(SolutionProperties) = preSolution
		HideSolutionNode = FALSE
	EndGlobalSection
	GlobalSection(ExtensibilityGlobals) = postSolution
		SolutionGuid = {F945E08C-C308-4652-9162-10D81B52A624}
	EndGlobalSection
EndGlobal
